version = 1
requires-python = ">=3.12"

[[package]]
name = "beatsabersonginstaller"
version = "0.1.0"
source = { editable = "." }
dependencies = [
    { name = "tkinterdnd2" },
]

[package.metadata]
requires-dist = [{ name = "tkinterdnd2" }]

[[package]]
name = "tkinterdnd2"
version = "0.4.2"
source = { registry = "https://pypi.org/simple" }
sdist = { url = "https://files.pythonhosted.org/packages/a1/38/5c5e18324d024a3e4a0bce18875f057f1b3c8044ea5b15bcf5ffad261275/tkinterdnd2-0.4.2.tar.gz", hash = "sha256:00180ac38d86578441dea4662026c7867a022e14501ad492f81e22e22135ceb6", size = 443991 }
wheels = [
    { url = "https://files.pythonhosted.org/packages/15/9b/768f66f3bfa0a0d7d17eb2e3712a77b4ce5686b8450e396df0acbeeb7f0a/tkinterdnd2-0.4.2-py3-none-any.whl", hash = "sha256:73eb0a2e380f49687c1ac3b499014b09b53febc7f93d7ab4fefa4ede9691ab57", size = 492701 },
]
